
Microsoft Visual Studio Solution File, Format Version 12.00
# Visual Studio Version 17
VisualStudioVersion = 17.2.32630.192
MinimumVisualStudioVersion = 10.0.40219.1
Project("{9A19103F-16F7-4668-BE54-9A1E7A4F7556}") = "Bookstore", "Bookstore\Bookstore.csproj", "{8C7B03A5-4325-48B5-AD2C-AF78EF299442}"
EndProject
Project("{9A19103F-16F7-4668-BE54-9A1E7A4F7556}") = "DataAccess", "DataLibrary\DataAccess.csproj", "{9A0BA90D-71AE-459E-8562-7DB3A0FA94C4}"
EndProject
Global
	GlobalSection(SolutionConfigurationPlatforms) = preSolution
		Debug|Any CPU = Debug|Any CPU
		Release|Any CPU = Release|Any CPU
	EndGlobalSection
	GlobalSection(ProjectConfigurationPlatforms) = postSolution
		{8C7B03A5-4325-48B5-AD2C-AF78EF299442}.Debug|Any CPU.ActiveCfg = Debug|Any CPU
		{8C7B03A5-4325-48B5-AD2C-AF78EF299442}.Debug|Any CPU.Build.0 = Debug|Any CPU
		{8C7B03A5-4325-48B5-AD2C-AF78EF299442}.Release|Any CPU.ActiveCfg = Release|Any CPU
		{8C7B03A5-4325-48B5-AD2C-AF78EF299442}.Release|Any CPU.Build.0 = Release|Any CPU
		{9A0BA90D-71AE-459E-8562-7DB3A0FA94C4}.Debug|Any CPU.ActiveCfg = Debug|Any CPU
		{9A0BA90D-71AE-459E-8562-7DB3A0FA94C4}.Debug|Any CPU.Build.0 = Debug|Any CPU
		{9A0BA90D-71AE-459E-8562-7DB3A0FA94C4}.Release|Any CPU.ActiveCfg = Release|Any CPU
		{9A0BA90D-71AE-459E-8562-7DB3A0FA94C4}.Release|Any CPU.Build.0 = Release|Any CPU
	EndGlobalSection
	GlobalSection(SolutionProperties) = preSolution
		HideSolutionNode = FALSE
	EndGlobalSection
	GlobalSection(ExtensibilityGlobals) = postSolution
		SolutionGuid = {9BF3B68B-C267-4292-9DD4-D40C3486F1C9}
	EndGlobalSection
EndGlobal
